<?xml version="1.0" encoding="utf-8"?>
<Project ToolsVersion="4.0" xmlns="http://schemas.microsoft.com/developer/msbuild/2003">
  <ItemGroup>
    <Filter Include="源文件">
      <UniqueIdentifier>{4FC737F1-C7A5-4376-A066-2A32D752A2FF}</UniqueIdentifier>
      <Extensions>cpp;c;cc;cxx;def;odl;idl;hpj;bat;asm;asmx</Extensions>
    </Filter>
    <Filter Include="源文件\src">
      <UniqueIdentifier>{1ff6a86a-9581-4fae-965d-896303705b29}</UniqueIdentifier>
    </Filter>
    <Filter Include="头文件">
      <UniqueIdentifier>{93995380-89BD-4b04-88EB-625FBE52EBFB}</UniqueIdentifier>
      <Extensions>h;hpp;hxx;hm;inl;inc;xsd</Extensions>
    </Filter>
    <Filter Include="头文件\include">
      <UniqueIdentifier>{580c071c-9598-4c4f-bf33-bc4c34d7887f}</UniqueIdentifier>
    </Filter>
    <Filter Include="资源文件">
      <UniqueIdentifier>{67DA6AB6-F800-4c08-8B7A-83BB121AAD01}</UniqueIdentifier>
      <Extensions>rc;ico;cur;bmp;dlg;rc2;rct;bin;rgs;gif;jpg;jpeg;jpe;resx;tiff;tif;png;wav</Extensions>
    </Filter>
  </ItemGroup>
  <ItemGroup>
    <ClCompile Include="stdafx.cpp">
      <Filter>源文件</Filter>
    </ClCompile>
    <ClCompile Include="XFrame.cpp">
      <Filter>源文件</Filter>
    </ClCompile>
    <ClCompile Include="src\IEntitySvr.cpp">
      <Filter>源文件\src</Filter>
    </ClCompile>
    <ClCompile Include="src\IMail.cpp">
      <Filter>源文件\src</Filter>
    </ClCompile>
    <ClCompile Include="src\ISvrTree.cpp">
      <Filter>源文件\src</Filter>
    </ClCompile>
    <ClCompile Include="src\ITrans.cpp">
      <Filter>源文件\src</Filter>
    </ClCompile>
    <ClCompile Include="src\IXAServer.cpp">
      <Filter>源文件\src</Filter>
    </ClCompile>
    <ClCompile Include="src\IXAServerArg.cpp">
      <Filter>源文件\src</Filter>
    </ClCompile>
    <ClCompile Include="src\IXFControl.cpp">
      <Filter>源文件\src</Filter>
    </ClCompile>
    <ClCompile Include="src\IXFWin.cpp">
      <Filter>源文件\src</Filter>
    </ClCompile>
    <ClCompile Include="src\IXNode.cpp">
      <Filter>源文件\src</Filter>
    </ClCompile>
    <ClCompile Include="src\IXPage.cpp">
      <Filter>源文件\src</Filter>
    </ClCompile>
    <ClCompile Include="src\xfApp.cpp">
      <Filter>源文件\src</Filter>
    </ClCompile>
    <ClCompile Include="src\xfAreaObject.cpp">
      <Filter>源文件\src</Filter>
    </ClCompile>
    <ClCompile Include="src\xfAuthMgr.cpp">
      <Filter>源文件\src</Filter>
    </ClCompile>
    <ClCompile Include="src\xfCacheMgr.cpp">
      <Filter>源文件\src</Filter>
    </ClCompile>
    <ClCompile Include="src\xfConnect.cpp">
      <Filter>源文件\src</Filter>
    </ClCompile>
    <ClCompile Include="src\xfControl.cpp">
      <Filter>源文件\src</Filter>
    </ClCompile>
    <ClCompile Include="src\xfMdiFrame.cpp">
      <Filter>源文件\src</Filter>
    </ClCompile>
    <ClCompile Include="src\xfNetwork.cpp">
      <Filter>源文件\src</Filter>
    </ClCompile>
    <ClCompile Include="src\xfNode.cpp">
      <Filter>源文件\src</Filter>
    </ClCompile>
    <ClCompile Include="src\xfNodeBox.cpp">
      <Filter>源文件\src</Filter>
    </ClCompile>
    <ClCompile Include="src\xfNodeControl.cpp">
      <Filter>源文件\src</Filter>
    </ClCompile>
    <ClCompile Include="src\xfNodeLayer.cpp">
      <Filter>源文件\src</Filter>
    </ClCompile>
    <ClCompile Include="src\xfNodeLayers.cpp">
      <Filter>源文件\src</Filter>
    </ClCompile>
    <ClCompile Include="src\xfNodeResource.cpp">
      <Filter>源文件\src</Filter>
    </ClCompile>
    <ClCompile Include="src\xfNodeScript.cpp">
      <Filter>源文件\src</Filter>
    </ClCompile>
    <ClCompile Include="src\xfNodeWin.cpp">
      <Filter>源文件\src</Filter>
    </ClCompile>
    <ClCompile Include="src\xfNodeXPage.cpp">
      <Filter>源文件\src</Filter>
    </ClCompile>
    <ClCompile Include="src\xfResourceMgr.cpp">
      <Filter>源文件\src</Filter>
    </ClCompile>
    <ClCompile Include="src\xfUriLoader.cpp">
      <Filter>源文件\src</Filter>
    </ClCompile>
    <ClCompile Include="src\xfWin.cpp">
      <Filter>源文件\src</Filter>
    </ClCompile>
    <ClCompile Include="src\xfWinbase.cpp">
      <Filter>源文件\src</Filter>
    </ClCompile>
    <ClCompile Include="src\xfXPage.cpp">
      <Filter>源文件\src</Filter>
    </ClCompile>
  </ItemGroup>
  <ItemGroup>
    <None Include="xframe.def">
      <Filter>源文件</Filter>
    </None>
    <None Include="ReadMe.txt" />
  </ItemGroup>
  <ItemGroup>
    <ClInclude Include="resource.h">
      <Filter>头文件</Filter>
    </ClInclude>
    <ClInclude Include="stdafx.h">
      <Filter>头文件</Filter>
    </ClInclude>
    <ClInclude Include="include\IEntitySvr.hpp">
      <Filter>头文件\include</Filter>
    </ClInclude>
    <ClInclude Include="include\IMail.hpp">
      <Filter>头文件\include</Filter>
    </ClInclude>
    <ClInclude Include="include\ISvrTree.hpp">
      <Filter>头文件\include</Filter>
    </ClInclude>
    <ClInclude Include="include\ITrans.hpp">
      <Filter>头文件\include</Filter>
    </ClInclude>
    <ClInclude Include="include\IXAServer.hpp">
      <Filter>头文件\include</Filter>
    </ClInclude>
    <ClInclude Include="include\IXAServerArg.hpp">
      <Filter>头文件\include</Filter>
    </ClInclude>
    <ClInclude Include="include\IXFControl.hpp">
      <Filter>头文件\include</Filter>
    </ClInclude>
    <ClInclude Include="include\IXFWin.hpp">
      <Filter>头文件\include</Filter>
    </ClInclude>
    <ClInclude Include="include\IXNode.hpp">
      <Filter>头文件\include</Filter>
    </ClInclude>
    <ClInclude Include="include\IXPage.hpp">
      <Filter>头文件\include</Filter>
    </ClInclude>
    <ClInclude Include="include\XEvt.hpp">
      <Filter>头文件\include</Filter>
    </ClInclude>
    <ClInclude Include="include\xfApp.hpp">
      <Filter>头文件\include</Filter>
    </ClInclude>
    <ClInclude Include="include\xfAreaObject.hpp">
      <Filter>头文件\include</Filter>
    </ClInclude>
    <ClInclude Include="include\xfAuthMgr.hpp">
      <Filter>头文件\include</Filter>
    </ClInclude>
    <ClInclude Include="include\xfCacheMgr.hpp">
      <Filter>头文件\include</Filter>
    </ClInclude>
    <ClInclude Include="include\xfConnect.hpp">
      <Filter>头文件\include</Filter>
    </ClInclude>
    <ClInclude Include="include\xfControl.hpp">
      <Filter>头文件\include</Filter>
    </ClInclude>
    <ClInclude Include="include\xfMdiFrame.hpp">
      <Filter>头文件\include</Filter>
    </ClInclude>
    <ClInclude Include="include\xfNetwork.hpp">
      <Filter>头文件\include</Filter>
    </ClInclude>
    <ClInclude Include="include\xfNode.hpp">
      <Filter>头文件\include</Filter>
    </ClInclude>
    <ClInclude Include="include\xfNodeBox.hpp">
      <Filter>头文件\include</Filter>
    </ClInclude>
    <ClInclude Include="include\xfNodeControl.hpp">
      <Filter>头文件\include</Filter>
    </ClInclude>
    <ClInclude Include="include\xfNodeLayer.hpp">
      <Filter>头文件\include</Filter>
    </ClInclude>
    <ClInclude Include="include\xfNodeLayers.hpp">
      <Filter>头文件\include</Filter>
    </ClInclude>
    <ClInclude Include="include\xfNodeResource.hpp">
      <Filter>头文件\include</Filter>
    </ClInclude>
    <ClInclude Include="include\xfNodeScript.hpp">
      <Filter>头文件\include</Filter>
    </ClInclude>
    <ClInclude Include="include\xfNodeWin.hpp">
      <Filter>头文件\include</Filter>
    </ClInclude>
    <ClInclude Include="include\xfNodeXPage.hpp">
      <Filter>头文件\include</Filter>
    </ClInclude>
    <ClInclude Include="include\xframe.h">
      <Filter>头文件\include</Filter>
    </ClInclude>
    <ClInclude Include="include\xfResourceMgr.hpp">
      <Filter>头文件\include</Filter>
    </ClInclude>
    <ClInclude Include="include\xfUriLoader.hpp">
      <Filter>头文件\include</Filter>
    </ClInclude>
    <ClInclude Include="include\xfWin.hpp">
      <Filter>头文件\include</Filter>
    </ClInclude>
    <ClInclude Include="include\xfWinbase.hpp">
      <Filter>头文件\include</Filter>
    </ClInclude>
    <ClInclude Include="include\xfXPage.hpp">
      <Filter>头文件\include</Filter>
    </ClInclude>
  </ItemGroup>
  <ItemGroup>
    <ResourceCompile Include="XFrame.rc">
      <Filter>资源文件</Filter>
    </ResourceCompile>
  </ItemGroup>
</Project>