<?xml version="1.0" encoding="utf-8"?>
<Project ToolsVersion="4.0" xmlns="http://schemas.microsoft.com/developer/msbuild/2003">
  <ItemGroup>
    <Filter Include="源文件">
      <UniqueIdentifier>{4FC737F1-C7A5-4376-A066-2A32D752A2FF}</UniqueIdentifier>
      <Extensions>cpp;c;cc;cxx;def;odl;idl;hpj;bat;asm;asmx</Extensions>
    </Filter>
    <Filter Include="源文件\src">
      <UniqueIdentifier>{0ed48efd-cca8-4cb9-b927-f27047209521}</UniqueIdentifier>
    </Filter>
    <Filter Include="头文件">
      <UniqueIdentifier>{93995380-89BD-4b04-88EB-625FBE52EBFB}</UniqueIdentifier>
      <Extensions>h;hpp;hxx;hm;inl;inc;xsd</Extensions>
    </Filter>
    <Filter Include="头文件\include">
      <UniqueIdentifier>{ff24b51f-bd82-484e-970f-b59a793d2847}</UniqueIdentifier>
    </Filter>
    <Filter Include="头文件\xdl">
      <UniqueIdentifier>{1a802184-465c-4368-8495-4ef6de6b795f}</UniqueIdentifier>
    </Filter>
    <Filter Include="头文件\hxx">
      <UniqueIdentifier>{347b2b07-777a-427f-9f4d-4aa111aa2606}</UniqueIdentifier>
    </Filter>
    <Filter Include="资源文件">
      <UniqueIdentifier>{67DA6AB6-F800-4c08-8B7A-83BB121AAD01}</UniqueIdentifier>
      <Extensions>rc;ico;cur;bmp;dlg;rc2;rct;bin;rgs;gif;jpg;jpeg;jpe;resx;tiff;tif;png;wav</Extensions>
    </Filter>
  </ItemGroup>
  <ItemGroup>
    <ClCompile Include="stdafx.cpp">
      <Filter>源文件</Filter>
    </ClCompile>
    <ClCompile Include="XBase.cpp">
      <Filter>源文件</Filter>
    </ClCompile>
    <ClCompile Include="src\xbCache.cpp">
      <Filter>源文件\src</Filter>
    </ClCompile>
    <ClCompile Include="src\xbError.cpp">
      <Filter>源文件\src</Filter>
    </ClCompile>
    <ClCompile Include="src\xbEvent.cpp">
      <Filter>源文件\src</Filter>
    </ClCompile>
    <ClCompile Include="src\xbObject.cpp">
      <Filter>源文件\src</Filter>
    </ClCompile>
    <ClCompile Include="src\xbObjectLog.cpp">
      <Filter>源文件\src</Filter>
    </ClCompile>
    <ClCompile Include="src\xbObjectMgr.cpp">
      <Filter>源文件\src</Filter>
    </ClCompile>
    <ClCompile Include="src\xbObserver.cpp">
      <Filter>源文件\src</Filter>
    </ClCompile>
    <ClCompile Include="src\xbXml.cpp">
      <Filter>源文件\src</Filter>
    </ClCompile>
  </ItemGroup>
  <ItemGroup>
    <ClInclude Include="stdafx.h">
      <Filter>头文件</Filter>
    </ClInclude>
    <ClInclude Include="include\xbCache.hpp">
      <Filter>头文件\include</Filter>
    </ClInclude>
    <ClInclude Include="include\xbComObject.hpp">
      <Filter>头文件\include</Filter>
    </ClInclude>
    <ClInclude Include="include\xbError.hpp">
      <Filter>头文件\include</Filter>
    </ClInclude>
    <ClInclude Include="include\xbEvent.hpp">
      <Filter>头文件\include</Filter>
    </ClInclude>
    <ClInclude Include="include\xbFactory.hpp">
      <Filter>头文件\include</Filter>
    </ClInclude>
    <ClInclude Include="include\xbObject.hpp">
      <Filter>头文件\include</Filter>
    </ClInclude>
    <ClInclude Include="include\xbObjectLog.hpp">
      <Filter>头文件\include</Filter>
    </ClInclude>
    <ClInclude Include="include\xbObjectMgr.hpp">
      <Filter>头文件\include</Filter>
    </ClInclude>
    <ClInclude Include="include\xbObserver.hpp">
      <Filter>头文件\include</Filter>
    </ClInclude>
    <ClInclude Include="include\xbXBase.h">
      <Filter>头文件\include</Filter>
    </ClInclude>
    <ClInclude Include="include\xbXml.hpp">
      <Filter>头文件\include</Filter>
    </ClInclude>
  </ItemGroup>
  <ItemGroup>
    <None Include="ReadMe.txt" />
  </ItemGroup>
</Project>