
Microsoft Visual Studio Solution File, Format Version 9.00
# Visual Studio 2005
Project("{54435603-DBB4-11D2-8724-00A0C9A8B90C}") = "support", "..\support\support.vdproj", "{31A11B77-1561-4DA4-9779-685D31F97346}"
EndProject
Project("{8BC9CEB8-8B4A-11D0-8D11-00A0C91BC942}") = "XShape", "..\XShape\XShape.vcproj", "{2144ED5E-2C9A-4C72-B6BB-3BF21FC9615B}"
EndProject
Project("{8BC9CEB8-8B4A-11D0-8D11-00A0C91BC942}") = "XWord", "..\XOffice\src\XWord\XWord.vcproj", "{30BD37A1-5229-43EF-8643-40C3485B7E03}"
EndProject
Project("{8BC9CEB8-8B4A-11D0-8D11-00A0C91BC942}") = "XCell", "..\XOffice\src\XCell\xcell.vcproj", "{8CB72726-47D7-4235-833D-B6B63FD96DA6}"
EndProject
Project("{8BC9CEB8-8B4A-11D0-8D11-00A0C91BC942}") = "XDF", "..\XOffice\src\XDF\XDF.vcproj", "{A7FA6CFE-4942-4484-8D32-C55D8F510DED}"
EndProject
Project("{8BC9CEB8-8B4A-11D0-8D11-00A0C91BC942}") = "XFlowChart", "..\XOffice\src\XFlowChart\XFlowChart.vcproj", "{60BBDDF6-6A56-4564-8120-D101EAAF0821}"
EndProject
Project("{8BC9CEB8-8B4A-11D0-8D11-00A0C91BC942}") = "XOFBase", "..\XOffice\src\XOFBase\XOFBase.vcproj", "{AF02C5D3-9296-4F5E-9431-84B8BC66F57E}"
EndProject
Project("{8BC9CEB8-8B4A-11D0-8D11-00A0C91BC942}") = "XOffice", "..\XOffice\src\XOffice\XOffice.vcproj", "{931FF341-C406-4829-94D1-20477BBE30CA}"
EndProject
Project("{8BC9CEB8-8B4A-11D0-8D11-00A0C91BC942}") = "XOFObject", "..\XOffice\src\XOFObject\XOFObject.vcproj", "{66D32458-4CB8-477C-B31E-1A57909DAB43}"
EndProject
Project("{8BC9CEB8-8B4A-11D0-8D11-00A0C91BC942}") = "XPageSheet", "..\XOffice\src\XPageSheet\XPageSheet.vcproj", "{49660115-BEBF-456F-A77B-35C066B418BA}"
EndProject
Project("{8BC9CEB8-8B4A-11D0-8D11-00A0C91BC942}") = "XProject", "..\XOffice\src\XProject\XProject.vcproj", "{F533261E-8C9F-45F7-8A87-D1656D0D49A1}"
EndProject
Project("{8BC9CEB8-8B4A-11D0-8D11-00A0C91BC942}") = "XReport", "..\XOffice\src\XReport\XReport.vcproj", "{3ED3A72E-A3A7-46FD-9158-78BBEE4FEAC1}"
EndProject
Project("{8BC9CEB8-8B4A-11D0-8D11-00A0C91BC942}") = "XShow", "..\XOffice\src\XShow\XShow.vcproj", "{7F0693DD-6764-42BB-ABF3-5254E92E37F9}"
EndProject
Project("{8BC9CEB8-8B4A-11D0-8D11-00A0C91BC942}") = "XControl", "..\XControl\XControl.vcproj", "{2F1B35EE-3EE7-4E66-9DDF-A580F0FE7B87}"
EndProject
Project("{8BC9CEB8-8B4A-11D0-8D11-00A0C91BC942}") = "XBase", "..\XBase\XBase.vcproj", "{986DAF2A-239A-4DA4-B35A-3AB90F20A4E7}"
EndProject
Project("{8BC9CEB8-8B4A-11D0-8D11-00A0C91BC942}") = "XExplorer", "XExplorer.vcproj", "{F98C38E7-FE8B-475D-B848-830D3450BB4B}"
EndProject
Project("{8BC9CEB8-8B4A-11D0-8D11-00A0C91BC942}") = "XExplorerExt", "..\XExplorerExt\ExtExplorer.vcproj", "{78A27445-D3B8-4FA1-A10E-F0AEAC96FFDA}"
EndProject
Project("{8BC9CEB8-8B4A-11D0-8D11-00A0C91BC942}") = "XFrame", "..\XFrame\XFrame.vcproj", "{C313CA81-5755-41C9-ACE7-0044E85433E1}"
EndProject
Project("{8BC9CEB8-8B4A-11D0-8D11-00A0C91BC942}") = "XUtil", "..\XUtil\XUtil.vcproj", "{CBE86A40-B94A-420B-8993-E6F2097765C0}"
EndProject
Project("{8BC9CEB8-8B4A-11D0-8D11-00A0C91BC942}") = "XSvrLink", "..\XSvrLink\hxsock.vcproj", "{0023B489-2CB5-496A-9E83-30452F38DFF6}"
EndProject
Global
	GlobalSection(SolutionConfigurationPlatforms) = preSolution
		Debug|Win32 = Debug|Win32
		DebugDLL|Win32 = DebugDLL|Win32
		HxcellDebug|Win32 = HxcellDebug|Win32
		HxcellRelease|Win32 = HxcellRelease|Win32
		Release_1|Win32 = Release_1|Win32
		Release|Win32 = Release|Win32
		ReleaseDLL|Win32 = ReleaseDLL|Win32
		ReleaseOpt|Win32 = ReleaseOpt|Win32
		ReleaseWithoutAsm|Win32 = ReleaseWithoutAsm|Win32
		Unicode Debug|Win32 = Unicode Debug|Win32
		Unicode Release|Win32 = Unicode Release|Win32
		xxx|Win32 = xxx|Win32
	EndGlobalSection
	GlobalSection(ProjectConfigurationPlatforms) = postSolution
		{31A11B77-1561-4DA4-9779-685D31F97346}.Debug|Win32.ActiveCfg = Debug
		{31A11B77-1561-4DA4-9779-685D31F97346}.DebugDLL|Win32.ActiveCfg = Debug
		{31A11B77-1561-4DA4-9779-685D31F97346}.DebugDLL|Win32.Build.0 = Debug
		{31A11B77-1561-4DA4-9779-685D31F97346}.HxcellDebug|Win32.ActiveCfg = Debug
		{31A11B77-1561-4DA4-9779-685D31F97346}.HxcellDebug|Win32.Build.0 = Debug
		{31A11B77-1561-4DA4-9779-685D31F97346}.HxcellRelease|Win32.ActiveCfg = Release
		{31A11B77-1561-4DA4-9779-685D31F97346}.HxcellRelease|Win32.Build.0 = Release
		{31A11B77-1561-4DA4-9779-685D31F97346}.Release_1|Win32.ActiveCfg = Release_1
		{31A11B77-1561-4DA4-9779-685D31F97346}.Release_1|Win32.Build.0 = Release_1
		{31A11B77-1561-4DA4-9779-685D31F97346}.Release|Win32.ActiveCfg = Release
		{31A11B77-1561-4DA4-9779-685D31F97346}.ReleaseDLL|Win32.ActiveCfg = Release_1
		{31A11B77-1561-4DA4-9779-685D31F97346}.ReleaseDLL|Win32.Build.0 = Release_1
		{31A11B77-1561-4DA4-9779-685D31F97346}.ReleaseOpt|Win32.ActiveCfg = Release_1
		{31A11B77-1561-4DA4-9779-685D31F97346}.ReleaseOpt|Win32.Build.0 = Release_1
		{31A11B77-1561-4DA4-9779-685D31F97346}.ReleaseWithoutAsm|Win32.ActiveCfg = Release
		{31A11B77-1561-4DA4-9779-685D31F97346}.Unicode Debug|Win32.ActiveCfg = Debug
		{31A11B77-1561-4DA4-9779-685D31F97346}.Unicode Release|Win32.ActiveCfg = Release
		{31A11B77-1561-4DA4-9779-685D31F97346}.xxx|Win32.ActiveCfg = xxx
		{31A11B77-1561-4DA4-9779-685D31F97346}.xxx|Win32.Build.0 = xxx
		{2144ED5E-2C9A-4C72-B6BB-3BF21FC9615B}.Debug|Win32.ActiveCfg = Debug|Win32
		{2144ED5E-2C9A-4C72-B6BB-3BF21FC9615B}.Debug|Win32.Build.0 = Debug|Win32
		{2144ED5E-2C9A-4C72-B6BB-3BF21FC9615B}.DebugDLL|Win32.ActiveCfg = Debug|Win32
		{2144ED5E-2C9A-4C72-B6BB-3BF21FC9615B}.DebugDLL|Win32.Build.0 = Debug|Win32
		{2144ED5E-2C9A-4C72-B6BB-3BF21FC9615B}.HxcellDebug|Win32.ActiveCfg = Debug|Win32
		{2144ED5E-2C9A-4C72-B6BB-3BF21FC9615B}.HxcellDebug|Win32.Build.0 = Debug|Win32
		{2144ED5E-2C9A-4C72-B6BB-3BF21FC9615B}.HxcellRelease|Win32.ActiveCfg = Release|Win32
		{2144ED5E-2C9A-4C72-B6BB-3BF21FC9615B}.HxcellRelease|Win32.Build.0 = Release|Win32
		{2144ED5E-2C9A-4C72-B6BB-3BF21FC9615B}.Release_1|Win32.ActiveCfg = Release_1|Win32
		{2144ED5E-2C9A-4C72-B6BB-3BF21FC9615B}.Release_1|Win32.Build.0 = Release_1|Win32
		{2144ED5E-2C9A-4C72-B6BB-3BF21FC9615B}.Release|Win32.ActiveCfg = Release|Win32
		{2144ED5E-2C9A-4C72-B6BB-3BF21FC9615B}.Release|Win32.Build.0 = Release|Win32
		{2144ED5E-2C9A-4C72-B6BB-3BF21FC9615B}.ReleaseDLL|Win32.ActiveCfg = Release_1|Win32
		{2144ED5E-2C9A-4C72-B6BB-3BF21FC9615B}.ReleaseDLL|Win32.Build.0 = Release_1|Win32
		{2144ED5E-2C9A-4C72-B6BB-3BF21FC9615B}.ReleaseOpt|Win32.ActiveCfg = Release_1|Win32
		{2144ED5E-2C9A-4C72-B6BB-3BF21FC9615B}.ReleaseOpt|Win32.Build.0 = Release_1|Win32
		{2144ED5E-2C9A-4C72-B6BB-3BF21FC9615B}.ReleaseWithoutAsm|Win32.ActiveCfg = Release|Win32
		{2144ED5E-2C9A-4C72-B6BB-3BF21FC9615B}.ReleaseWithoutAsm|Win32.Build.0 = Release|Win32
		{2144ED5E-2C9A-4C72-B6BB-3BF21FC9615B}.Unicode Debug|Win32.ActiveCfg = Debug|Win32
		{2144ED5E-2C9A-4C72-B6BB-3BF21FC9615B}.Unicode Debug|Win32.Build.0 = Debug|Win32
		{2144ED5E-2C9A-4C72-B6BB-3BF21FC9615B}.Unicode Release|Win32.ActiveCfg = Release|Win32
		{2144ED5E-2C9A-4C72-B6BB-3BF21FC9615B}.Unicode Release|Win32.Build.0 = Release|Win32
		{2144ED5E-2C9A-4C72-B6BB-3BF21FC9615B}.xxx|Win32.ActiveCfg = xxx|Win32
		{2144ED5E-2C9A-4C72-B6BB-3BF21FC9615B}.xxx|Win32.Build.0 = xxx|Win32
		{30BD37A1-5229-43EF-8643-40C3485B7E03}.Debug|Win32.ActiveCfg = Debug|Win32
		{30BD37A1-5229-43EF-8643-40C3485B7E03}.Debug|Win32.Build.0 = Debug|Win32
		{30BD37A1-5229-43EF-8643-40C3485B7E03}.DebugDLL|Win32.ActiveCfg = Debug|Win32
		{30BD37A1-5229-43EF-8643-40C3485B7E03}.DebugDLL|Win32.Build.0 = Debug|Win32
		{30BD37A1-5229-43EF-8643-40C3485B7E03}.HxcellDebug|Win32.ActiveCfg = Debug|Win32
		{30BD37A1-5229-43EF-8643-40C3485B7E03}.HxcellDebug|Win32.Build.0 = Debug|Win32
		{30BD37A1-5229-43EF-8643-40C3485B7E03}.HxcellRelease|Win32.ActiveCfg = Release|Win32
		{30BD37A1-5229-43EF-8643-40C3485B7E03}.HxcellRelease|Win32.Build.0 = Release|Win32
		{30BD37A1-5229-43EF-8643-40C3485B7E03}.Release_1|Win32.ActiveCfg = releaseOpt|Win32
		{30BD37A1-5229-43EF-8643-40C3485B7E03}.Release_1|Win32.Build.0 = releaseOpt|Win32
		{30BD37A1-5229-43EF-8643-40C3485B7E03}.Release|Win32.ActiveCfg = Release|Win32
		{30BD37A1-5229-43EF-8643-40C3485B7E03}.Release|Win32.Build.0 = Release|Win32
		{30BD37A1-5229-43EF-8643-40C3485B7E03}.ReleaseDLL|Win32.ActiveCfg = releaseOpt|Win32
		{30BD37A1-5229-43EF-8643-40C3485B7E03}.ReleaseDLL|Win32.Build.0 = releaseOpt|Win32
		{30BD37A1-5229-43EF-8643-40C3485B7E03}.ReleaseOpt|Win32.ActiveCfg = releaseOpt|Win32
		{30BD37A1-5229-43EF-8643-40C3485B7E03}.ReleaseOpt|Win32.Build.0 = releaseOpt|Win32
		{30BD37A1-5229-43EF-8643-40C3485B7E03}.ReleaseWithoutAsm|Win32.ActiveCfg = releaseOpt|Win32
		{30BD37A1-5229-43EF-8643-40C3485B7E03}.ReleaseWithoutAsm|Win32.Build.0 = releaseOpt|Win32
		{30BD37A1-5229-43EF-8643-40C3485B7E03}.Unicode Debug|Win32.ActiveCfg = Debug|Win32
		{30BD37A1-5229-43EF-8643-40C3485B7E03}.Unicode Debug|Win32.Build.0 = Debug|Win32
		{30BD37A1-5229-43EF-8643-40C3485B7E03}.Unicode Release|Win32.ActiveCfg = Release|Win32
		{30BD37A1-5229-43EF-8643-40C3485B7E03}.Unicode Release|Win32.Build.0 = Release|Win32
		{30BD37A1-5229-43EF-8643-40C3485B7E03}.xxx|Win32.ActiveCfg = releaseOpt|Win32
		{30BD37A1-5229-43EF-8643-40C3485B7E03}.xxx|Win32.Build.0 = releaseOpt|Win32
		{8CB72726-47D7-4235-833D-B6B63FD96DA6}.Debug|Win32.ActiveCfg = Debug|Win32
		{8CB72726-47D7-4235-833D-B6B63FD96DA6}.Debug|Win32.Build.0 = Debug|Win32
		{8CB72726-47D7-4235-833D-B6B63FD96DA6}.DebugDLL|Win32.ActiveCfg = Debug|Win32
		{8CB72726-47D7-4235-833D-B6B63FD96DA6}.DebugDLL|Win32.Build.0 = Debug|Win32
		{8CB72726-47D7-4235-833D-B6B63FD96DA6}.HxcellDebug|Win32.ActiveCfg = Debug|Win32
		{8CB72726-47D7-4235-833D-B6B63FD96DA6}.HxcellDebug|Win32.Build.0 = Debug|Win32
		{8CB72726-47D7-4235-833D-B6B63FD96DA6}.HxcellRelease|Win32.ActiveCfg = Release|Win32
		{8CB72726-47D7-4235-833D-B6B63FD96DA6}.HxcellRelease|Win32.Build.0 = Release|Win32
		{8CB72726-47D7-4235-833D-B6B63FD96DA6}.Release_1|Win32.ActiveCfg = Release_1|Win32
		{8CB72726-47D7-4235-833D-B6B63FD96DA6}.Release_1|Win32.Build.0 = Release_1|Win32
		{8CB72726-47D7-4235-833D-B6B63FD96DA6}.Release|Win32.ActiveCfg = Release|Win32
		{8CB72726-47D7-4235-833D-B6B63FD96DA6}.Release|Win32.Build.0 = Release|Win32
		{8CB72726-47D7-4235-833D-B6B63FD96DA6}.ReleaseDLL|Win32.ActiveCfg = Release_1|Win32
		{8CB72726-47D7-4235-833D-B6B63FD96DA6}.ReleaseDLL|Win32.Build.0 = Release_1|Win32
		{8CB72726-47D7-4235-833D-B6B63FD96DA6}.ReleaseOpt|Win32.ActiveCfg = Release_1|Win32
		{8CB72726-47D7-4235-833D-B6B63FD96DA6}.ReleaseOpt|Win32.Build.0 = Release_1|Win32
		{8CB72726-47D7-4235-833D-B6B63FD96DA6}.ReleaseWithoutAsm|Win32.ActiveCfg = Release_1|Win32
		{8CB72726-47D7-4235-833D-B6B63FD96DA6}.ReleaseWithoutAsm|Win32.Build.0 = Release_1|Win32
		{8CB72726-47D7-4235-833D-B6B63FD96DA6}.Unicode Debug|Win32.ActiveCfg = Debug|Win32
		{8CB72726-47D7-4235-833D-B6B63FD96DA6}.Unicode Debug|Win32.Build.0 = Debug|Win32
		{8CB72726-47D7-4235-833D-B6B63FD96DA6}.Unicode Release|Win32.ActiveCfg = Release|Win32
		{8CB72726-47D7-4235-833D-B6B63FD96DA6}.Unicode Release|Win32.Build.0 = Release|Win32
		{8CB72726-47D7-4235-833D-B6B63FD96DA6}.xxx|Win32.ActiveCfg = xxx|Win32
		{8CB72726-47D7-4235-833D-B6B63FD96DA6}.xxx|Win32.Build.0 = xxx|Win32
		{A7FA6CFE-4942-4484-8D32-C55D8F510DED}.Debug|Win32.ActiveCfg = Debug|Win32
		{A7FA6CFE-4942-4484-8D32-C55D8F510DED}.Debug|Win32.Build.0 = Debug|Win32
		{A7FA6CFE-4942-4484-8D32-C55D8F510DED}.DebugDLL|Win32.ActiveCfg = Debug|Win32
		{A7FA6CFE-4942-4484-8D32-C55D8F510DED}.DebugDLL|Win32.Build.0 = Debug|Win32
		{A7FA6CFE-4942-4484-8D32-C55D8F510DED}.HxcellDebug|Win32.ActiveCfg = Debug|Win32
		{A7FA6CFE-4942-4484-8D32-C55D8F510DED}.HxcellDebug|Win32.Build.0 = Debug|Win32
		{A7FA6CFE-4942-4484-8D32-C55D8F510DED}.HxcellRelease|Win32.ActiveCfg = Release|Win32
		{A7FA6CFE-4942-4484-8D32-C55D8F510DED}.HxcellRelease|Win32.Build.0 = Release|Win32
		{A7FA6CFE-4942-4484-8D32-C55D8F510DED}.Release_1|Win32.ActiveCfg = Release_1|Win32
		{A7FA6CFE-4942-4484-8D32-C55D8F510DED}.Release_1|Win32.Build.0 = Release_1|Win32
		{A7FA6CFE-4942-4484-8D32-C55D8F510DED}.Release|Win32.ActiveCfg = Release|Win32
		{A7FA6CFE-4942-4484-8D32-C55D8F510DED}.Release|Win32.Build.0 = Release|Win32
		{A7FA6CFE-4942-4484-8D32-C55D8F510DED}.ReleaseDLL|Win32.ActiveCfg = Release_1|Win32
		{A7FA6CFE-4942-4484-8D32-C55D8F510DED}.ReleaseDLL|Win32.Build.0 = Release_1|Win32
		{A7FA6CFE-4942-4484-8D32-C55D8F510DED}.ReleaseOpt|Win32.ActiveCfg = Release_1|Win32
		{A7FA6CFE-4942-4484-8D32-C55D8F510DED}.ReleaseOpt|Win32.Build.0 = Release_1|Win32
		{A7FA6CFE-4942-4484-8D32-C55D8F510DED}.ReleaseWithoutAsm|Win32.ActiveCfg = Release_1|Win32
		{A7FA6CFE-4942-4484-8D32-C55D8F510DED}.ReleaseWithoutAsm|Win32.Build.0 = Release_1|Win32
		{A7FA6CFE-4942-4484-8D32-C55D8F510DED}.Unicode Debug|Win32.ActiveCfg = Debug|Win32
		{A7FA6CFE-4942-4484-8D32-C55D8F510DED}.Unicode Debug|Win32.Build.0 = Debug|Win32
		{A7FA6CFE-4942-4484-8D32-C55D8F510DED}.Unicode Release|Win32.ActiveCfg = Release|Win32
		{A7FA6CFE-4942-4484-8D32-C55D8F510DED}.Unicode Release|Win32.Build.0 = Release|Win32
		{A7FA6CFE-4942-4484-8D32-C55D8F510DED}.xxx|Win32.ActiveCfg = xxx|Win32
		{A7FA6CFE-4942-4484-8D32-C55D8F510DED}.xxx|Win32.Build.0 = xxx|Win32
		{60BBDDF6-6A56-4564-8120-D101EAAF0821}.Debug|Win32.ActiveCfg = Debug|Win32
		{60BBDDF6-6A56-4564-8120-D101EAAF0821}.Debug|Win32.Build.0 = Debug|Win32
		{60BBDDF6-6A56-4564-8120-D101EAAF0821}.DebugDLL|Win32.ActiveCfg = Debug|Win32
		{60BBDDF6-6A56-4564-8120-D101EAAF0821}.DebugDLL|Win32.Build.0 = Debug|Win32
		{60BBDDF6-6A56-4564-8120-D101EAAF0821}.HxcellDebug|Win32.ActiveCfg = Debug|Win32
		{60BBDDF6-6A56-4564-8120-D101EAAF0821}.HxcellDebug|Win32.Build.0 = Debug|Win32
		{60BBDDF6-6A56-4564-8120-D101EAAF0821}.HxcellRelease|Win32.ActiveCfg = Release|Win32
		{60BBDDF6-6A56-4564-8120-D101EAAF0821}.HxcellRelease|Win32.Build.0 = Release|Win32
		{60BBDDF6-6A56-4564-8120-D101EAAF0821}.Release_1|Win32.ActiveCfg = Release_1|Win32
		{60BBDDF6-6A56-4564-8120-D101EAAF0821}.Release_1|Win32.Build.0 = Release_1|Win32
		{60BBDDF6-6A56-4564-8120-D101EAAF0821}.Release|Win32.ActiveCfg = Release|Win32
		{60BBDDF6-6A56-4564-8120-D101EAAF0821}.Release|Win32.Build.0 = Release|Win32
		{60BBDDF6-6A56-4564-8120-D101EAAF0821}.ReleaseDLL|Win32.ActiveCfg = Release_1|Win32
		{60BBDDF6-6A56-4564-8120-D101EAAF0821}.ReleaseDLL|Win32.Build.0 = Release_1|Win32
		{60BBDDF6-6A56-4564-8120-D101EAAF0821}.ReleaseOpt|Win32.ActiveCfg = Release_1|Win32
		{60BBDDF6-6A56-4564-8120-D101EAAF0821}.ReleaseOpt|Win32.Build.0 = Release_1|Win32
		{60BBDDF6-6A56-4564-8120-D101EAAF0821}.ReleaseWithoutAsm|Win32.ActiveCfg = Release_1|Win32
		{60BBDDF6-6A56-4564-8120-D101EAAF0821}.ReleaseWithoutAsm|Win32.Build.0 = Release_1|Win32
		{60BBDDF6-6A56-4564-8120-D101EAAF0821}.Unicode Debug|Win32.ActiveCfg = Debug|Win32
		{60BBDDF6-6A56-4564-8120-D101EAAF0821}.Unicode Debug|Win32.Build.0 = Debug|Win32
		{60BBDDF6-6A56-4564-8120-D101EAAF0821}.Unicode Release|Win32.ActiveCfg = Release|Win32
		{60BBDDF6-6A56-4564-8120-D101EAAF0821}.Unicode Release|Win32.Build.0 = Release|Win32
		{60BBDDF6-6A56-4564-8120-D101EAAF0821}.xxx|Win32.ActiveCfg = xxx|Win32
		{60BBDDF6-6A56-4564-8120-D101EAAF0821}.xxx|Win32.Build.0 = xxx|Win32
		{AF02C5D3-9296-4F5E-9431-84B8BC66F57E}.Debug|Win32.ActiveCfg = Debug|Win32
		{AF02C5D3-9296-4F5E-9431-84B8BC66F57E}.Debug|Win32.Build.0 = Debug|Win32
		{AF02C5D3-9296-4F5E-9431-84B8BC66F57E}.DebugDLL|Win32.ActiveCfg = Debug|Win32
		{AF02C5D3-9296-4F5E-9431-84B8BC66F57E}.DebugDLL|Win32.Build.0 = Debug|Win32
		{AF02C5D3-9296-4F5E-9431-84B8BC66F57E}.HxcellDebug|Win32.ActiveCfg = Debug|Win32
		{AF02C5D3-9296-4F5E-9431-84B8BC66F57E}.HxcellDebug|Win32.Build.0 = Debug|Win32
		{AF02C5D3-9296-4F5E-9431-84B8BC66F57E}.HxcellRelease|Win32.ActiveCfg = Release|Win32
		{AF02C5D3-9296-4F5E-9431-84B8BC66F57E}.HxcellRelease|Win32.Build.0 = Release|Win32
		{AF02C5D3-9296-4F5E-9431-84B8BC66F57E}.Release_1|Win32.ActiveCfg = Release_1|Win32
		{AF02C5D3-9296-4F5E-9431-84B8BC66F57E}.Release_1|Win32.Build.0 = Release_1|Win32
		{AF02C5D3-9296-4F5E-9431-84B8BC66F57E}.Release|Win32.ActiveCfg = Release|Win32
		{AF02C5D3-9296-4F5E-9431-84B8BC66F57E}.Release|Win32.Build.0 = Release|Win32
		{AF02C5D3-9296-4F5E-9431-84B8BC66F57E}.ReleaseDLL|Win32.ActiveCfg = Release_1|Win32
		{AF02C5D3-9296-4F5E-9431-84B8BC66F57E}.ReleaseDLL|Win32.Build.0 = Release_1|Win32
		{AF02C5D3-9296-4F5E-9431-84B8BC66F57E}.ReleaseOpt|Win32.ActiveCfg = Release_1|Win32
		{AF02C5D3-9296-4F5E-9431-84B8BC66F57E}.ReleaseOpt|Win32.Build.0 = Release_1|Win32
		{AF02C5D3-9296-4F5E-9431-84B8BC66F57E}.ReleaseWithoutAsm|Win32.ActiveCfg = Release_1|Win32
		{AF02C5D3-9296-4F5E-9431-84B8BC66F57E}.ReleaseWithoutAsm|Win32.Build.0 = Release_1|Win32
		{AF02C5D3-9296-4F5E-9431-84B8BC66F57E}.Unicode Debug|Win32.ActiveCfg = Debug|Win32
		{AF02C5D3-9296-4F5E-9431-84B8BC66F57E}.Unicode Debug|Win32.Build.0 = Debug|Win32
		{AF02C5D3-9296-4F5E-9431-84B8BC66F57E}.Unicode Release|Win32.ActiveCfg = Release|Win32
		{AF02C5D3-9296-4F5E-9431-84B8BC66F57E}.Unicode Release|Win32.Build.0 = Release|Win32
		{AF02C5D3-9296-4F5E-9431-84B8BC66F57E}.xxx|Win32.ActiveCfg = xxx|Win32
		{AF02C5D3-9296-4F5E-9431-84B8BC66F57E}.xxx|Win32.Build.0 = xxx|Win32
		{931FF341-C406-4829-94D1-20477BBE30CA}.Debug|Win32.ActiveCfg = Debug|Win32
		{931FF341-C406-4829-94D1-20477BBE30CA}.Debug|Win32.Build.0 = Debug|Win32
		{931FF341-C406-4829-94D1-20477BBE30CA}.DebugDLL|Win32.ActiveCfg = Debug|Win32
		{931FF341-C406-4829-94D1-20477BBE30CA}.DebugDLL|Win32.Build.0 = Debug|Win32
		{931FF341-C406-4829-94D1-20477BBE30CA}.HxcellDebug|Win32.ActiveCfg = Debug|Win32
		{931FF341-C406-4829-94D1-20477BBE30CA}.HxcellDebug|Win32.Build.0 = Debug|Win32
		{931FF341-C406-4829-94D1-20477BBE30CA}.HxcellRelease|Win32.ActiveCfg = Release|Win32
		{931FF341-C406-4829-94D1-20477BBE30CA}.HxcellRelease|Win32.Build.0 = Release|Win32
		{931FF341-C406-4829-94D1-20477BBE30CA}.Release_1|Win32.ActiveCfg = Release_1|Win32
		{931FF341-C406-4829-94D1-20477BBE30CA}.Release_1|Win32.Build.0 = Release_1|Win32
		{931FF341-C406-4829-94D1-20477BBE30CA}.Release|Win32.ActiveCfg = Release|Win32
		{931FF341-C406-4829-94D1-20477BBE30CA}.Release|Win32.Build.0 = Release|Win32
		{931FF341-C406-4829-94D1-20477BBE30CA}.ReleaseDLL|Win32.ActiveCfg = Release_1|Win32
		{931FF341-C406-4829-94D1-20477BBE30CA}.ReleaseDLL|Win32.Build.0 = Release_1|Win32
		{931FF341-C406-4829-94D1-20477BBE30CA}.ReleaseOpt|Win32.ActiveCfg = Release_1|Win32
		{931FF341-C406-4829-94D1-20477BBE30CA}.ReleaseOpt|Win32.Build.0 = Release_1|Win32
		{931FF341-C406-4829-94D1-20477BBE30CA}.ReleaseWithoutAsm|Win32.ActiveCfg = Release_1|Win32
		{931FF341-C406-4829-94D1-20477BBE30CA}.ReleaseWithoutAsm|Win32.Build.0 = Release_1|Win32
		{931FF341-C406-4829-94D1-20477BBE30CA}.Unicode Debug|Win32.ActiveCfg = Debug|Win32
		{931FF341-C406-4829-94D1-20477BBE30CA}.Unicode Debug|Win32.Build.0 = Debug|Win32
		{931FF341-C406-4829-94D1-20477BBE30CA}.Unicode Release|Win32.ActiveCfg = Release|Win32
		{931FF341-C406-4829-94D1-20477BBE30CA}.Unicode Release|Win32.Build.0 = Release|Win32
		{931FF341-C406-4829-94D1-20477BBE30CA}.xxx|Win32.ActiveCfg = xxx|Win32
		{931FF341-C406-4829-94D1-20477BBE30CA}.xxx|Win32.Build.0 = xxx|Win32
		{66D32458-4CB8-477C-B31E-1A57909DAB43}.Debug|Win32.ActiveCfg = Debug|Win32
		{66D32458-4CB8-477C-B31E-1A57909DAB43}.Debug|Win32.Build.0 = Debug|Win32
		{66D32458-4CB8-477C-B31E-1A57909DAB43}.DebugDLL|Win32.ActiveCfg = Debug|Win32
		{66D32458-4CB8-477C-B31E-1A57909DAB43}.DebugDLL|Win32.Build.0 = Debug|Win32
		{66D32458-4CB8-477C-B31E-1A57909DAB43}.HxcellDebug|Win32.ActiveCfg = Debug|Win32
		{66D32458-4CB8-477C-B31E-1A57909DAB43}.HxcellDebug|Win32.Build.0 = Debug|Win32
		{66D32458-4CB8-477C-B31E-1A57909DAB43}.HxcellRelease|Win32.ActiveCfg = Release|Win32
		{66D32458-4CB8-477C-B31E-1A57909DAB43}.HxcellRelease|Win32.Build.0 = Release|Win32
		{66D32458-4CB8-477C-B31E-1A57909DAB43}.Release_1|Win32.ActiveCfg = Release_1|Win32
		{66D32458-4CB8-477C-B31E-1A57909DAB43}.Release_1|Win32.Build.0 = Release_1|Win32
		{66D32458-4CB8-477C-B31E-1A57909DAB43}.Release|Win32.ActiveCfg = Release|Win32
		{66D32458-4CB8-477C-B31E-1A57909DAB43}.Release|Win32.Build.0 = Release|Win32
		{66D32458-4CB8-477C-B31E-1A57909DAB43}.ReleaseDLL|Win32.ActiveCfg = Release_1|Win32
		{66D32458-4CB8-477C-B31E-1A57909DAB43}.ReleaseDLL|Win32.Build.0 = Release_1|Win32
		{66D32458-4CB8-477C-B31E-1A57909DAB43}.ReleaseOpt|Win32.ActiveCfg = Release_1|Win32
		{66D32458-4CB8-477C-B31E-1A57909DAB43}.ReleaseOpt|Win32.Build.0 = Release_1|Win32
		{66D32458-4CB8-477C-B31E-1A57909DAB43}.ReleaseWithoutAsm|Win32.ActiveCfg = Release_1|Win32
		{66D32458-4CB8-477C-B31E-1A57909DAB43}.ReleaseWithoutAsm|Win32.Build.0 = Release_1|Win32
		{66D32458-4CB8-477C-B31E-1A57909DAB43}.Unicode Debug|Win32.ActiveCfg = Debug|Win32
		{66D32458-4CB8-477C-B31E-1A57909DAB43}.Unicode Debug|Win32.Build.0 = Debug|Win32
		{66D32458-4CB8-477C-B31E-1A57909DAB43}.Unicode Release|Win32.ActiveCfg = Release|Win32
		{66D32458-4CB8-477C-B31E-1A57909DAB43}.Unicode Release|Win32.Build.0 = Release|Win32
		{66D32458-4CB8-477C-B31E-1A57909DAB43}.xxx|Win32.ActiveCfg = xxx|Win32
		{66D32458-4CB8-477C-B31E-1A57909DAB43}.xxx|Win32.Build.0 = xxx|Win32
		{49660115-BEBF-456F-A77B-35C066B418BA}.Debug|Win32.ActiveCfg = Debug|Win32
		{49660115-BEBF-456F-A77B-35C066B418BA}.Debug|Win32.Build.0 = Debug|Win32
		{49660115-BEBF-456F-A77B-35C066B418BA}.DebugDLL|Win32.ActiveCfg = Debug|Win32
		{49660115-BEBF-456F-A77B-35C066B418BA}.DebugDLL|Win32.Build.0 = Debug|Win32
		{49660115-BEBF-456F-A77B-35C066B418BA}.HxcellDebug|Win32.ActiveCfg = Debug|Win32
		{49660115-BEBF-456F-A77B-35C066B418BA}.HxcellDebug|Win32.Build.0 = Debug|Win32
		{49660115-BEBF-456F-A77B-35C066B418BA}.HxcellRelease|Win32.ActiveCfg = Release|Win32
		{49660115-BEBF-456F-A77B-35C066B418BA}.HxcellRelease|Win32.Build.0 = Release|Win32
		{49660115-BEBF-456F-A77B-35C066B418BA}.Release_1|Win32.ActiveCfg = Release_1|Win32
		{49660115-BEBF-456F-A77B-35C066B418BA}.Release_1|Win32.Build.0 = Release_1|Win32
		{49660115-BEBF-456F-A77B-35C066B418BA}.Release|Win32.ActiveCfg = Release|Win32
		{49660115-BEBF-456F-A77B-35C066B418BA}.Release|Win32.Build.0 = Release|Win32
		{49660115-BEBF-456F-A77B-35C066B418BA}.ReleaseDLL|Win32.ActiveCfg = Release_1|Win32
		{49660115-BEBF-456F-A77B-35C066B418BA}.ReleaseDLL|Win32.Build.0 = Release_1|Win32
		{49660115-BEBF-456F-A77B-35C066B418BA}.ReleaseOpt|Win32.ActiveCfg = Release_1|Win32
		{49660115-BEBF-456F-A77B-35C066B418BA}.ReleaseOpt|Win32.Build.0 = Release_1|Win32
		{49660115-BEBF-456F-A77B-35C066B418BA}.ReleaseWithoutAsm|Win32.ActiveCfg = Release_1|Win32
		{49660115-BEBF-456F-A77B-35C066B418BA}.ReleaseWithoutAsm|Win32.Build.0 = Release_1|Win32
		{49660115-BEBF-456F-A77B-35C066B418BA}.Unicode Debug|Win32.ActiveCfg = Debug|Win32
		{49660115-BEBF-456F-A77B-35C066B418BA}.Unicode Debug|Win32.Build.0 = Debug|Win32
		{49660115-BEBF-456F-A77B-35C066B418BA}.Unicode Release|Win32.ActiveCfg = Release|Win32
		{49660115-BEBF-456F-A77B-35C066B418BA}.Unicode Release|Win32.Build.0 = Release|Win32
		{49660115-BEBF-456F-A77B-35C066B418BA}.xxx|Win32.ActiveCfg = xxx|Win32
		{49660115-BEBF-456F-A77B-35C066B418BA}.xxx|Win32.Build.0 = xxx|Win32
		{F533261E-8C9F-45F7-8A87-D1656D0D49A1}.Debug|Win32.ActiveCfg = Debug|Win32
		{F533261E-8C9F-45F7-8A87-D1656D0D49A1}.Debug|Win32.Build.0 = Debug|Win32
		{F533261E-8C9F-45F7-8A87-D1656D0D49A1}.DebugDLL|Win32.ActiveCfg = Debug|Win32
		{F533261E-8C9F-45F7-8A87-D1656D0D49A1}.DebugDLL|Win32.Build.0 = Debug|Win32
		{F533261E-8C9F-45F7-8A87-D1656D0D49A1}.HxcellDebug|Win32.ActiveCfg = Debug|Win32
		{F533261E-8C9F-45F7-8A87-D1656D0D49A1}.HxcellDebug|Win32.Build.0 = Debug|Win32
		{F533261E-8C9F-45F7-8A87-D1656D0D49A1}.HxcellRelease|Win32.ActiveCfg = Release|Win32
		{F533261E-8C9F-45F7-8A87-D1656D0D49A1}.HxcellRelease|Win32.Build.0 = Release|Win32
		{F533261E-8C9F-45F7-8A87-D1656D0D49A1}.Release_1|Win32.ActiveCfg = Release_1|Win32
		{F533261E-8C9F-45F7-8A87-D1656D0D49A1}.Release_1|Win32.Build.0 = Release_1|Win32
		{F533261E-8C9F-45F7-8A87-D1656D0D49A1}.Release|Win32.ActiveCfg = Release|Win32
		{F533261E-8C9F-45F7-8A87-D1656D0D49A1}.Release|Win32.Build.0 = Release|Win32
		{F533261E-8C9F-45F7-8A87-D1656D0D49A1}.ReleaseDLL|Win32.ActiveCfg = Release_1|Win32
		{F533261E-8C9F-45F7-8A87-D1656D0D49A1}.ReleaseDLL|Win32.Build.0 = Release_1|Win32
		{F533261E-8C9F-45F7-8A87-D1656D0D49A1}.ReleaseOpt|Win32.ActiveCfg = Release_1|Win32
		{F533261E-8C9F-45F7-8A87-D1656D0D49A1}.ReleaseOpt|Win32.Build.0 = Release_1|Win32
		{F533261E-8C9F-45F7-8A87-D1656D0D49A1}.ReleaseWithoutAsm|Win32.ActiveCfg = Release_1|Win32
		{F533261E-8C9F-45F7-8A87-D1656D0D49A1}.ReleaseWithoutAsm|Win32.Build.0 = Release_1|Win32
		{F533261E-8C9F-45F7-8A87-D1656D0D49A1}.Unicode Debug|Win32.ActiveCfg = Debug|Win32
		{F533261E-8C9F-45F7-8A87-D1656D0D49A1}.Unicode Debug|Win32.Build.0 = Debug|Win32
		{F533261E-8C9F-45F7-8A87-D1656D0D49A1}.Unicode Release|Win32.ActiveCfg = Release|Win32
		{F533261E-8C9F-45F7-8A87-D1656D0D49A1}.Unicode Release|Win32.Build.0 = Release|Win32
		{F533261E-8C9F-45F7-8A87-D1656D0D49A1}.xxx|Win32.ActiveCfg = xxx|Win32
		{F533261E-8C9F-45F7-8A87-D1656D0D49A1}.xxx|Win32.Build.0 = xxx|Win32
		{3ED3A72E-A3A7-46FD-9158-78BBEE4FEAC1}.Debug|Win32.ActiveCfg = Debug|Win32
		{3ED3A72E-A3A7-46FD-9158-78BBEE4FEAC1}.Debug|Win32.Build.0 = Debug|Win32
		{3ED3A72E-A3A7-46FD-9158-78BBEE4FEAC1}.DebugDLL|Win32.ActiveCfg = Debug|Win32
		{3ED3A72E-A3A7-46FD-9158-78BBEE4FEAC1}.DebugDLL|Win32.Build.0 = Debug|Win32
		{3ED3A72E-A3A7-46FD-9158-78BBEE4FEAC1}.HxcellDebug|Win32.ActiveCfg = Debug|Win32
		{3ED3A72E-A3A7-46FD-9158-78BBEE4FEAC1}.HxcellDebug|Win32.Build.0 = Debug|Win32
		{3ED3A72E-A3A7-46FD-9158-78BBEE4FEAC1}.HxcellRelease|Win32.ActiveCfg = Release|Win32
		{3ED3A72E-A3A7-46FD-9158-78BBEE4FEAC1}.HxcellRelease|Win32.Build.0 = Release|Win32
		{3ED3A72E-A3A7-46FD-9158-78BBEE4FEAC1}.Release_1|Win32.ActiveCfg = Release_1|Win32
		{3ED3A72E-A3A7-46FD-9158-78BBEE4FEAC1}.Release_1|Win32.Build.0 = Release_1|Win32
		{3ED3A72E-A3A7-46FD-9158-78BBEE4FEAC1}.Release|Win32.ActiveCfg = Release|Win32
		{3ED3A72E-A3A7-46FD-9158-78BBEE4FEAC1}.Release|Win32.Build.0 = Release|Win32
		{3ED3A72E-A3A7-46FD-9158-78BBEE4FEAC1}.ReleaseDLL|Win32.ActiveCfg = Release_1|Win32
		{3ED3A72E-A3A7-46FD-9158-78BBEE4FEAC1}.ReleaseDLL|Win32.Build.0 = Release_1|Win32
		{3ED3A72E-A3A7-46FD-9158-78BBEE4FEAC1}.ReleaseOpt|Win32.ActiveCfg = Release_1|Win32
		{3ED3A72E-A3A7-46FD-9158-78BBEE4FEAC1}.ReleaseOpt|Win32.Build.0 = Release_1|Win32
		{3ED3A72E-A3A7-46FD-9158-78BBEE4FEAC1}.ReleaseWithoutAsm|Win32.ActiveCfg = Release_1|Win32
		{3ED3A72E-A3A7-46FD-9158-78BBEE4FEAC1}.ReleaseWithoutAsm|Win32.Build.0 = Release_1|Win32
		{3ED3A72E-A3A7-46FD-9158-78BBEE4FEAC1}.Unicode Debug|Win32.ActiveCfg = Debug|Win32
		{3ED3A72E-A3A7-46FD-9158-78BBEE4FEAC1}.Unicode Debug|Win32.Build.0 = Debug|Win32
		{3ED3A72E-A3A7-46FD-9158-78BBEE4FEAC1}.Unicode Release|Win32.ActiveCfg = Release|Win32
		{3ED3A72E-A3A7-46FD-9158-78BBEE4FEAC1}.Unicode Release|Win32.Build.0 = Release|Win32
		{3ED3A72E-A3A7-46FD-9158-78BBEE4FEAC1}.xxx|Win32.ActiveCfg = xxx|Win32
		{3ED3A72E-A3A7-46FD-9158-78BBEE4FEAC1}.xxx|Win32.Build.0 = xxx|Win32
		{7F0693DD-6764-42BB-ABF3-5254E92E37F9}.Debug|Win32.ActiveCfg = Debug|Win32
		{7F0693DD-6764-42BB-ABF3-5254E92E37F9}.Debug|Win32.Build.0 = Debug|Win32
		{7F0693DD-6764-42BB-ABF3-5254E92E37F9}.DebugDLL|Win32.ActiveCfg = Debug|Win32
		{7F0693DD-6764-42BB-ABF3-5254E92E37F9}.DebugDLL|Win32.Build.0 = Debug|Win32
		{7F0693DD-6764-42BB-ABF3-5254E92E37F9}.HxcellDebug|Win32.ActiveCfg = Debug|Win32
		{7F0693DD-6764-42BB-ABF3-5254E92E37F9}.HxcellDebug|Win32.Build.0 = Debug|Win32
		{7F0693DD-6764-42BB-ABF3-5254E92E37F9}.HxcellRelease|Win32.ActiveCfg = Release|Win32
		{7F0693DD-6764-42BB-ABF3-5254E92E37F9}.HxcellRelease|Win32.Build.0 = Release|Win32
		{7F0693DD-6764-42BB-ABF3-5254E92E37F9}.Release_1|Win32.ActiveCfg = Release_1|Win32
		{7F0693DD-6764-42BB-ABF3-5254E92E37F9}.Release_1|Win32.Build.0 = Release_1|Win32
		{7F0693DD-6764-42BB-ABF3-5254E92E37F9}.Release|Win32.ActiveCfg = Release|Win32
		{7F0693DD-6764-42BB-ABF3-5254E92E37F9}.Release|Win32.Build.0 = Release|Win32
		{7F0693DD-6764-42BB-ABF3-5254E92E37F9}.ReleaseDLL|Win32.ActiveCfg = Release_1|Win32
		{7F0693DD-6764-42BB-ABF3-5254E92E37F9}.ReleaseDLL|Win32.Build.0 = Release_1|Win32
		{7F0693DD-6764-42BB-ABF3-5254E92E37F9}.ReleaseOpt|Win32.ActiveCfg = Release_1|Win32
		{7F0693DD-6764-42BB-ABF3-5254E92E37F9}.ReleaseOpt|Win32.Build.0 = Release_1|Win32
		{7F0693DD-6764-42BB-ABF3-5254E92E37F9}.ReleaseWithoutAsm|Win32.ActiveCfg = Release_1|Win32
		{7F0693DD-6764-42BB-ABF3-5254E92E37F9}.ReleaseWithoutAsm|Win32.Build.0 = Release_1|Win32
		{7F0693DD-6764-42BB-ABF3-5254E92E37F9}.Unicode Debug|Win32.ActiveCfg = Debug|Win32
		{7F0693DD-6764-42BB-ABF3-5254E92E37F9}.Unicode Debug|Win32.Build.0 = Debug|Win32
		{7F0693DD-6764-42BB-ABF3-5254E92E37F9}.Unicode Release|Win32.ActiveCfg = Release|Win32
		{7F0693DD-6764-42BB-ABF3-5254E92E37F9}.Unicode Release|Win32.Build.0 = Release|Win32
		{7F0693DD-6764-42BB-ABF3-5254E92E37F9}.xxx|Win32.ActiveCfg = xxx|Win32
		{7F0693DD-6764-42BB-ABF3-5254E92E37F9}.xxx|Win32.Build.0 = xxx|Win32
		{2F1B35EE-3EE7-4E66-9DDF-A580F0FE7B87}.Debug|Win32.ActiveCfg = Debug|Win32
		{2F1B35EE-3EE7-4E66-9DDF-A580F0FE7B87}.Debug|Win32.Build.0 = Debug|Win32
		{2F1B35EE-3EE7-4E66-9DDF-A580F0FE7B87}.DebugDLL|Win32.ActiveCfg = Debug|Win32
		{2F1B35EE-3EE7-4E66-9DDF-A580F0FE7B87}.DebugDLL|Win32.Build.0 = Debug|Win32
		{2F1B35EE-3EE7-4E66-9DDF-A580F0FE7B87}.HxcellDebug|Win32.ActiveCfg = Debug|Win32
		{2F1B35EE-3EE7-4E66-9DDF-A580F0FE7B87}.HxcellDebug|Win32.Build.0 = Debug|Win32
		{2F1B35EE-3EE7-4E66-9DDF-A580F0FE7B87}.HxcellRelease|Win32.ActiveCfg = Release|Win32
		{2F1B35EE-3EE7-4E66-9DDF-A580F0FE7B87}.HxcellRelease|Win32.Build.0 = Release|Win32
		{2F1B35EE-3EE7-4E66-9DDF-A580F0FE7B87}.Release_1|Win32.ActiveCfg = Release_1|Win32
		{2F1B35EE-3EE7-4E66-9DDF-A580F0FE7B87}.Release_1|Win32.Build.0 = Release_1|Win32
		{2F1B35EE-3EE7-4E66-9DDF-A580F0FE7B87}.Release|Win32.ActiveCfg = Release|Win32
		{2F1B35EE-3EE7-4E66-9DDF-A580F0FE7B87}.Release|Win32.Build.0 = Release|Win32
		{2F1B35EE-3EE7-4E66-9DDF-A580F0FE7B87}.ReleaseDLL|Win32.ActiveCfg = Release_1|Win32
		{2F1B35EE-3EE7-4E66-9DDF-A580F0FE7B87}.ReleaseDLL|Win32.Build.0 = Release_1|Win32
		{2F1B35EE-3EE7-4E66-9DDF-A580F0FE7B87}.ReleaseOpt|Win32.ActiveCfg = Release_1|Win32
		{2F1B35EE-3EE7-4E66-9DDF-A580F0FE7B87}.ReleaseOpt|Win32.Build.0 = Release_1|Win32
		{2F1B35EE-3EE7-4E66-9DDF-A580F0FE7B87}.ReleaseWithoutAsm|Win32.ActiveCfg = Release_1|Win32
		{2F1B35EE-3EE7-4E66-9DDF-A580F0FE7B87}.ReleaseWithoutAsm|Win32.Build.0 = Release_1|Win32
		{2F1B35EE-3EE7-4E66-9DDF-A580F0FE7B87}.Unicode Debug|Win32.ActiveCfg = Debug|Win32
		{2F1B35EE-3EE7-4E66-9DDF-A580F0FE7B87}.Unicode Debug|Win32.Build.0 = Debug|Win32
		{2F1B35EE-3EE7-4E66-9DDF-A580F0FE7B87}.Unicode Release|Win32.ActiveCfg = Release|Win32
		{2F1B35EE-3EE7-4E66-9DDF-A580F0FE7B87}.Unicode Release|Win32.Build.0 = Release|Win32
		{2F1B35EE-3EE7-4E66-9DDF-A580F0FE7B87}.xxx|Win32.ActiveCfg = xxx|Win32
		{2F1B35EE-3EE7-4E66-9DDF-A580F0FE7B87}.xxx|Win32.Build.0 = xxx|Win32
		{986DAF2A-239A-4DA4-B35A-3AB90F20A4E7}.Debug|Win32.ActiveCfg = Debug|Win32
		{986DAF2A-239A-4DA4-B35A-3AB90F20A4E7}.Debug|Win32.Build.0 = Debug|Win32
		{986DAF2A-239A-4DA4-B35A-3AB90F20A4E7}.DebugDLL|Win32.ActiveCfg = Debug|Win32
		{986DAF2A-239A-4DA4-B35A-3AB90F20A4E7}.DebugDLL|Win32.Build.0 = Debug|Win32
		{986DAF2A-239A-4DA4-B35A-3AB90F20A4E7}.HxcellDebug|Win32.ActiveCfg = Debug|Win32
		{986DAF2A-239A-4DA4-B35A-3AB90F20A4E7}.HxcellDebug|Win32.Build.0 = Debug|Win32
		{986DAF2A-239A-4DA4-B35A-3AB90F20A4E7}.HxcellRelease|Win32.ActiveCfg = Release|Win32
		{986DAF2A-239A-4DA4-B35A-3AB90F20A4E7}.HxcellRelease|Win32.Build.0 = Release|Win32
		{986DAF2A-239A-4DA4-B35A-3AB90F20A4E7}.Release_1|Win32.ActiveCfg = Release_1|Win32
		{986DAF2A-239A-4DA4-B35A-3AB90F20A4E7}.Release_1|Win32.Build.0 = Release_1|Win32
		{986DAF2A-239A-4DA4-B35A-3AB90F20A4E7}.Release|Win32.ActiveCfg = Release|Win32
		{986DAF2A-239A-4DA4-B35A-3AB90F20A4E7}.Release|Win32.Build.0 = Release|Win32
		{986DAF2A-239A-4DA4-B35A-3AB90F20A4E7}.ReleaseDLL|Win32.ActiveCfg = Release_1|Win32
		{986DAF2A-239A-4DA4-B35A-3AB90F20A4E7}.ReleaseDLL|Win32.Build.0 = Release_1|Win32
		{986DAF2A-239A-4DA4-B35A-3AB90F20A4E7}.ReleaseOpt|Win32.ActiveCfg = Release_1|Win32
		{986DAF2A-239A-4DA4-B35A-3AB90F20A4E7}.ReleaseOpt|Win32.Build.0 = Release_1|Win32
		{986DAF2A-239A-4DA4-B35A-3AB90F20A4E7}.ReleaseWithoutAsm|Win32.ActiveCfg = Release_1|Win32
		{986DAF2A-239A-4DA4-B35A-3AB90F20A4E7}.ReleaseWithoutAsm|Win32.Build.0 = Release_1|Win32
		{986DAF2A-239A-4DA4-B35A-3AB90F20A4E7}.Unicode Debug|Win32.ActiveCfg = Debug|Win32
		{986DAF2A-239A-4DA4-B35A-3AB90F20A4E7}.Unicode Debug|Win32.Build.0 = Debug|Win32
		{986DAF2A-239A-4DA4-B35A-3AB90F20A4E7}.Unicode Release|Win32.ActiveCfg = Release|Win32
		{986DAF2A-239A-4DA4-B35A-3AB90F20A4E7}.Unicode Release|Win32.Build.0 = Release|Win32
		{986DAF2A-239A-4DA4-B35A-3AB90F20A4E7}.xxx|Win32.ActiveCfg = xxx|Win32
		{986DAF2A-239A-4DA4-B35A-3AB90F20A4E7}.xxx|Win32.Build.0 = xxx|Win32
		{F98C38E7-FE8B-475D-B848-830D3450BB4B}.Debug|Win32.ActiveCfg = Debug|Win32
		{F98C38E7-FE8B-475D-B848-830D3450BB4B}.Debug|Win32.Build.0 = Debug|Win32
		{F98C38E7-FE8B-475D-B848-830D3450BB4B}.DebugDLL|Win32.ActiveCfg = Debug|Win32
		{F98C38E7-FE8B-475D-B848-830D3450BB4B}.DebugDLL|Win32.Build.0 = Debug|Win32
		{F98C38E7-FE8B-475D-B848-830D3450BB4B}.HxcellDebug|Win32.ActiveCfg = Debug|Win32
		{F98C38E7-FE8B-475D-B848-830D3450BB4B}.HxcellDebug|Win32.Build.0 = Debug|Win32
		{F98C38E7-FE8B-475D-B848-830D3450BB4B}.HxcellRelease|Win32.ActiveCfg = Release|Win32
		{F98C38E7-FE8B-475D-B848-830D3450BB4B}.HxcellRelease|Win32.Build.0 = Release|Win32
		{F98C38E7-FE8B-475D-B848-830D3450BB4B}.Release_1|Win32.ActiveCfg = Release_1|Win32
		{F98C38E7-FE8B-475D-B848-830D3450BB4B}.Release_1|Win32.Build.0 = Release_1|Win32
		{F98C38E7-FE8B-475D-B848-830D3450BB4B}.Release|Win32.ActiveCfg = Release|Win32
		{F98C38E7-FE8B-475D-B848-830D3450BB4B}.Release|Win32.Build.0 = Release|Win32
		{F98C38E7-FE8B-475D-B848-830D3450BB4B}.ReleaseDLL|Win32.ActiveCfg = Release_1|Win32
		{F98C38E7-FE8B-475D-B848-830D3450BB4B}.ReleaseDLL|Win32.Build.0 = Release_1|Win32
		{F98C38E7-FE8B-475D-B848-830D3450BB4B}.ReleaseOpt|Win32.ActiveCfg = Release_1|Win32
		{F98C38E7-FE8B-475D-B848-830D3450BB4B}.ReleaseOpt|Win32.Build.0 = Release_1|Win32
		{F98C38E7-FE8B-475D-B848-830D3450BB4B}.ReleaseWithoutAsm|Win32.ActiveCfg = Release_1|Win32
		{F98C38E7-FE8B-475D-B848-830D3450BB4B}.ReleaseWithoutAsm|Win32.Build.0 = Release_1|Win32
		{F98C38E7-FE8B-475D-B848-830D3450BB4B}.Unicode Debug|Win32.ActiveCfg = Debug|Win32
		{F98C38E7-FE8B-475D-B848-830D3450BB4B}.Unicode Debug|Win32.Build.0 = Debug|Win32
		{F98C38E7-FE8B-475D-B848-830D3450BB4B}.Unicode Release|Win32.ActiveCfg = Release|Win32
		{F98C38E7-FE8B-475D-B848-830D3450BB4B}.Unicode Release|Win32.Build.0 = Release|Win32
		{F98C38E7-FE8B-475D-B848-830D3450BB4B}.xxx|Win32.ActiveCfg = xxx|Win32
		{F98C38E7-FE8B-475D-B848-830D3450BB4B}.xxx|Win32.Build.0 = xxx|Win32
		{78A27445-D3B8-4FA1-A10E-F0AEAC96FFDA}.Debug|Win32.ActiveCfg = Debug|Win32
		{78A27445-D3B8-4FA1-A10E-F0AEAC96FFDA}.Debug|Win32.Build.0 = Debug|Win32
		{78A27445-D3B8-4FA1-A10E-F0AEAC96FFDA}.DebugDLL|Win32.ActiveCfg = Debug|Win32
		{78A27445-D3B8-4FA1-A10E-F0AEAC96FFDA}.DebugDLL|Win32.Build.0 = Debug|Win32
		{78A27445-D3B8-4FA1-A10E-F0AEAC96FFDA}.HxcellDebug|Win32.ActiveCfg = Debug|Win32
		{78A27445-D3B8-4FA1-A10E-F0AEAC96FFDA}.HxcellDebug|Win32.Build.0 = Debug|Win32
		{78A27445-D3B8-4FA1-A10E-F0AEAC96FFDA}.HxcellRelease|Win32.ActiveCfg = Release|Win32
		{78A27445-D3B8-4FA1-A10E-F0AEAC96FFDA}.HxcellRelease|Win32.Build.0 = Release|Win32
		{78A27445-D3B8-4FA1-A10E-F0AEAC96FFDA}.Release_1|Win32.ActiveCfg = Release_1|Win32
		{78A27445-D3B8-4FA1-A10E-F0AEAC96FFDA}.Release_1|Win32.Build.0 = Release_1|Win32
		{78A27445-D3B8-4FA1-A10E-F0AEAC96FFDA}.Release|Win32.ActiveCfg = Release|Win32
		{78A27445-D3B8-4FA1-A10E-F0AEAC96FFDA}.Release|Win32.Build.0 = Release|Win32
		{78A27445-D3B8-4FA1-A10E-F0AEAC96FFDA}.ReleaseDLL|Win32.ActiveCfg = Release_1|Win32
		{78A27445-D3B8-4FA1-A10E-F0AEAC96FFDA}.ReleaseDLL|Win32.Build.0 = Release_1|Win32
		{78A27445-D3B8-4FA1-A10E-F0AEAC96FFDA}.ReleaseOpt|Win32.ActiveCfg = Release_1|Win32
		{78A27445-D3B8-4FA1-A10E-F0AEAC96FFDA}.ReleaseOpt|Win32.Build.0 = Release_1|Win32
		{78A27445-D3B8-4FA1-A10E-F0AEAC96FFDA}.ReleaseWithoutAsm|Win32.ActiveCfg = Release_1|Win32
		{78A27445-D3B8-4FA1-A10E-F0AEAC96FFDA}.ReleaseWithoutAsm|Win32.Build.0 = Release_1|Win32
		{78A27445-D3B8-4FA1-A10E-F0AEAC96FFDA}.Unicode Debug|Win32.ActiveCfg = Debug|Win32
		{78A27445-D3B8-4FA1-A10E-F0AEAC96FFDA}.Unicode Debug|Win32.Build.0 = Debug|Win32
		{78A27445-D3B8-4FA1-A10E-F0AEAC96FFDA}.Unicode Release|Win32.ActiveCfg = Release|Win32
		{78A27445-D3B8-4FA1-A10E-F0AEAC96FFDA}.Unicode Release|Win32.Build.0 = Release|Win32
		{78A27445-D3B8-4FA1-A10E-F0AEAC96FFDA}.xxx|Win32.ActiveCfg = xxx|Win32
		{78A27445-D3B8-4FA1-A10E-F0AEAC96FFDA}.xxx|Win32.Build.0 = xxx|Win32
		{C313CA81-5755-41C9-ACE7-0044E85433E1}.Debug|Win32.ActiveCfg = Debug|Win32
		{C313CA81-5755-41C9-ACE7-0044E85433E1}.Debug|Win32.Build.0 = Debug|Win32
		{C313CA81-5755-41C9-ACE7-0044E85433E1}.DebugDLL|Win32.ActiveCfg = Debug|Win32
		{C313CA81-5755-41C9-ACE7-0044E85433E1}.DebugDLL|Win32.Build.0 = Debug|Win32
		{C313CA81-5755-41C9-ACE7-0044E85433E1}.HxcellDebug|Win32.ActiveCfg = Debug|Win32
		{C313CA81-5755-41C9-ACE7-0044E85433E1}.HxcellDebug|Win32.Build.0 = Debug|Win32
		{C313CA81-5755-41C9-ACE7-0044E85433E1}.HxcellRelease|Win32.ActiveCfg = Release|Win32
		{C313CA81-5755-41C9-ACE7-0044E85433E1}.HxcellRelease|Win32.Build.0 = Release|Win32
		{C313CA81-5755-41C9-ACE7-0044E85433E1}.Release_1|Win32.ActiveCfg = Release_1|Win32
		{C313CA81-5755-41C9-ACE7-0044E85433E1}.Release_1|Win32.Build.0 = Release_1|Win32
		{C313CA81-5755-41C9-ACE7-0044E85433E1}.Release|Win32.ActiveCfg = Release|Win32
		{C313CA81-5755-41C9-ACE7-0044E85433E1}.Release|Win32.Build.0 = Release|Win32
		{C313CA81-5755-41C9-ACE7-0044E85433E1}.ReleaseDLL|Win32.ActiveCfg = Release_1|Win32
		{C313CA81-5755-41C9-ACE7-0044E85433E1}.ReleaseDLL|Win32.Build.0 = Release_1|Win32
		{C313CA81-5755-41C9-ACE7-0044E85433E1}.ReleaseOpt|Win32.ActiveCfg = Release_1|Win32
		{C313CA81-5755-41C9-ACE7-0044E85433E1}.ReleaseOpt|Win32.Build.0 = Release_1|Win32
		{C313CA81-5755-41C9-ACE7-0044E85433E1}.ReleaseWithoutAsm|Win32.ActiveCfg = Release_1|Win32
		{C313CA81-5755-41C9-ACE7-0044E85433E1}.ReleaseWithoutAsm|Win32.Build.0 = Release_1|Win32
		{C313CA81-5755-41C9-ACE7-0044E85433E1}.Unicode Debug|Win32.ActiveCfg = Debug|Win32
		{C313CA81-5755-41C9-ACE7-0044E85433E1}.Unicode Debug|Win32.Build.0 = Debug|Win32
		{C313CA81-5755-41C9-ACE7-0044E85433E1}.Unicode Release|Win32.ActiveCfg = Release|Win32
		{C313CA81-5755-41C9-ACE7-0044E85433E1}.Unicode Release|Win32.Build.0 = Release|Win32
		{C313CA81-5755-41C9-ACE7-0044E85433E1}.xxx|Win32.ActiveCfg = xxx|Win32
		{C313CA81-5755-41C9-ACE7-0044E85433E1}.xxx|Win32.Build.0 = xxx|Win32
		{CBE86A40-B94A-420B-8993-E6F2097765C0}.Debug|Win32.ActiveCfg = Debug|Win32
		{CBE86A40-B94A-420B-8993-E6F2097765C0}.Debug|Win32.Build.0 = Debug|Win32
		{CBE86A40-B94A-420B-8993-E6F2097765C0}.DebugDLL|Win32.ActiveCfg = Debug|Win32
		{CBE86A40-B94A-420B-8993-E6F2097765C0}.DebugDLL|Win32.Build.0 = Debug|Win32
		{CBE86A40-B94A-420B-8993-E6F2097765C0}.HxcellDebug|Win32.ActiveCfg = Debug|Win32
		{CBE86A40-B94A-420B-8993-E6F2097765C0}.HxcellDebug|Win32.Build.0 = Debug|Win32
		{CBE86A40-B94A-420B-8993-E6F2097765C0}.HxcellRelease|Win32.ActiveCfg = Release|Win32
		{CBE86A40-B94A-420B-8993-E6F2097765C0}.HxcellRelease|Win32.Build.0 = Release|Win32
		{CBE86A40-B94A-420B-8993-E6F2097765C0}.Release_1|Win32.ActiveCfg = Release_1|Win32
		{CBE86A40-B94A-420B-8993-E6F2097765C0}.Release_1|Win32.Build.0 = Release_1|Win32
		{CBE86A40-B94A-420B-8993-E6F2097765C0}.Release|Win32.ActiveCfg = Release|Win32
		{CBE86A40-B94A-420B-8993-E6F2097765C0}.Release|Win32.Build.0 = Release|Win32
		{CBE86A40-B94A-420B-8993-E6F2097765C0}.ReleaseDLL|Win32.ActiveCfg = Release_1|Win32
		{CBE86A40-B94A-420B-8993-E6F2097765C0}.ReleaseDLL|Win32.Build.0 = Release_1|Win32
		{CBE86A40-B94A-420B-8993-E6F2097765C0}.ReleaseOpt|Win32.ActiveCfg = Release_1|Win32
		{CBE86A40-B94A-420B-8993-E6F2097765C0}.ReleaseOpt|Win32.Build.0 = Release_1|Win32
		{CBE86A40-B94A-420B-8993-E6F2097765C0}.ReleaseWithoutAsm|Win32.ActiveCfg = Release_1|Win32
		{CBE86A40-B94A-420B-8993-E6F2097765C0}.ReleaseWithoutAsm|Win32.Build.0 = Release_1|Win32
		{CBE86A40-B94A-420B-8993-E6F2097765C0}.Unicode Debug|Win32.ActiveCfg = Debug|Win32
		{CBE86A40-B94A-420B-8993-E6F2097765C0}.Unicode Debug|Win32.Build.0 = Debug|Win32
		{CBE86A40-B94A-420B-8993-E6F2097765C0}.Unicode Release|Win32.ActiveCfg = Release|Win32
		{CBE86A40-B94A-420B-8993-E6F2097765C0}.Unicode Release|Win32.Build.0 = Release|Win32
		{CBE86A40-B94A-420B-8993-E6F2097765C0}.xxx|Win32.ActiveCfg = xxx|Win32
		{CBE86A40-B94A-420B-8993-E6F2097765C0}.xxx|Win32.Build.0 = xxx|Win32
		{0023B489-2CB5-496A-9E83-30452F38DFF6}.Debug|Win32.ActiveCfg = Debug|Win32
		{0023B489-2CB5-496A-9E83-30452F38DFF6}.Debug|Win32.Build.0 = Debug|Win32
		{0023B489-2CB5-496A-9E83-30452F38DFF6}.DebugDLL|Win32.ActiveCfg = Debug|Win32
		{0023B489-2CB5-496A-9E83-30452F38DFF6}.DebugDLL|Win32.Build.0 = Debug|Win32
		{0023B489-2CB5-496A-9E83-30452F38DFF6}.HxcellDebug|Win32.ActiveCfg = Debug|Win32
		{0023B489-2CB5-496A-9E83-30452F38DFF6}.HxcellDebug|Win32.Build.0 = Debug|Win32
		{0023B489-2CB5-496A-9E83-30452F38DFF6}.HxcellRelease|Win32.ActiveCfg = Release|Win32
		{0023B489-2CB5-496A-9E83-30452F38DFF6}.HxcellRelease|Win32.Build.0 = Release|Win32
		{0023B489-2CB5-496A-9E83-30452F38DFF6}.Release_1|Win32.ActiveCfg = Release|Win32
		{0023B489-2CB5-496A-9E83-30452F38DFF6}.Release_1|Win32.Build.0 = Release|Win32
		{0023B489-2CB5-496A-9E83-30452F38DFF6}.Release|Win32.ActiveCfg = Release|Win32
		{0023B489-2CB5-496A-9E83-30452F38DFF6}.Release|Win32.Build.0 = Release|Win32
		{0023B489-2CB5-496A-9E83-30452F38DFF6}.ReleaseDLL|Win32.ActiveCfg = Release|Win32
		{0023B489-2CB5-496A-9E83-30452F38DFF6}.ReleaseDLL|Win32.Build.0 = Release|Win32
		{0023B489-2CB5-496A-9E83-30452F38DFF6}.ReleaseOpt|Win32.ActiveCfg = Release|Win32
		{0023B489-2CB5-496A-9E83-30452F38DFF6}.ReleaseOpt|Win32.Build.0 = Release|Win32
		{0023B489-2CB5-496A-9E83-30452F38DFF6}.ReleaseWithoutAsm|Win32.ActiveCfg = Release|Win32
		{0023B489-2CB5-496A-9E83-30452F38DFF6}.ReleaseWithoutAsm|Win32.Build.0 = Release|Win32
		{0023B489-2CB5-496A-9E83-30452F38DFF6}.Unicode Debug|Win32.ActiveCfg = Debug|Win32
		{0023B489-2CB5-496A-9E83-30452F38DFF6}.Unicode Debug|Win32.Build.0 = Debug|Win32
		{0023B489-2CB5-496A-9E83-30452F38DFF6}.Unicode Release|Win32.ActiveCfg = Release|Win32
		{0023B489-2CB5-496A-9E83-30452F38DFF6}.Unicode Release|Win32.Build.0 = Release|Win32
		{0023B489-2CB5-496A-9E83-30452F38DFF6}.xxx|Win32.ActiveCfg = Debug|Win32
		{0023B489-2CB5-496A-9E83-30452F38DFF6}.xxx|Win32.Build.0 = Debug|Win32
	EndGlobalSection
	GlobalSection(SolutionProperties) = preSolution
		HideSolutionNode = FALSE
	EndGlobalSection
	GlobalSection(PowerDesigner) = preSolution
		HasSWS = 1
	EndGlobalSection
EndGlobal
