<?xml version="1.0" encoding="utf-8"?>
<Project ToolsVersion="4.0" xmlns="http://schemas.microsoft.com/developer/msbuild/2003">
  <ItemGroup>
    <Filter Include="源文件">
      <UniqueIdentifier>{4FC737F1-C7A5-4376-A066-2A32D752A2FF}</UniqueIdentifier>
      <Extensions>cpp;c;cc;cxx;def;odl;idl;hpj;bat;asm;asmx</Extensions>
    </Filter>
    <Filter Include="源文件\src">
      <UniqueIdentifier>{b1e957c0-dee3-4a7b-844b-bcc6dbcca668}</UniqueIdentifier>
    </Filter>
    <Filter Include="头文件">
      <UniqueIdentifier>{93995380-89BD-4b04-88EB-625FBE52EBFB}</UniqueIdentifier>
      <Extensions>h;hpp;hxx;hm;inl;inc;xsd</Extensions>
    </Filter>
    <Filter Include="头文件\include">
      <UniqueIdentifier>{78c6e2d6-1d9e-4b3d-b4c3-f5676633d71b}</UniqueIdentifier>
    </Filter>
    <Filter Include="资源文件">
      <UniqueIdentifier>{67DA6AB6-F800-4c08-8B7A-83BB121AAD01}</UniqueIdentifier>
      <Extensions>rc;ico;cur;bmp;dlg;rc2;rct;bin;rgs;gif;jpg;jpeg;jpe;resx;tiff;tif;png;wav</Extensions>
    </Filter>
  </ItemGroup>
  <ItemGroup>
    <ClCompile Include="stdafx.cpp">
      <Filter>源文件</Filter>
    </ClCompile>
    <ClCompile Include="XShow.cpp">
      <Filter>源文件</Filter>
    </ClCompile>
    <ClCompile Include="src\XShowDataSvr.cpp">
      <Filter>源文件\src</Filter>
    </ClCompile>
    <ClCompile Include="src\XShowSerializeSvr.cpp">
      <Filter>源文件\src</Filter>
    </ClCompile>
    <ClCompile Include="src\XShowSheet.cpp">
      <Filter>源文件\src</Filter>
    </ClCompile>
    <ClCompile Include="src\XShowSheetSvr.cpp">
      <Filter>源文件\src</Filter>
    </ClCompile>
    <ClCompile Include="src\XShowStyleSvr.cpp">
      <Filter>源文件\src</Filter>
    </ClCompile>
  </ItemGroup>
  <ItemGroup>
    <None Include="XShow.def">
      <Filter>源文件</Filter>
    </None>
    <None Include="ReadMe.txt" />
  </ItemGroup>
  <ItemGroup>
    <ClInclude Include="stdafx.h">
      <Filter>头文件</Filter>
    </ClInclude>
    <ClInclude Include="include\XShow.h">
      <Filter>头文件\include</Filter>
    </ClInclude>
    <ClInclude Include="include\XShowDataSvr.hpp">
      <Filter>头文件\include</Filter>
    </ClInclude>
    <ClInclude Include="include\XShowSerializeSvr.hpp">
      <Filter>头文件\include</Filter>
    </ClInclude>
    <ClInclude Include="include\XShowSheet.hpp">
      <Filter>头文件\include</Filter>
    </ClInclude>
    <ClInclude Include="include\XShowSheetSvr.hpp">
      <Filter>头文件\include</Filter>
    </ClInclude>
    <ClInclude Include="include\XShowStyleSvr.hpp">
      <Filter>头文件\include</Filter>
    </ClInclude>
  </ItemGroup>
</Project>