<?xml version="1.0" encoding="utf-8"?>
<Project ToolsVersion="4.0" xmlns="http://schemas.microsoft.com/developer/msbuild/2003">
  <ItemGroup>
    <Filter Include="源文件">
      <UniqueIdentifier>{4FC737F1-C7A5-4376-A066-2A32D752A2FF}</UniqueIdentifier>
      <Extensions>cpp;c;cc;cxx;def;odl;idl;hpj;bat;asm;asmx</Extensions>
    </Filter>
    <Filter Include="源文件\src">
      <UniqueIdentifier>{3bc7da05-2a69-41da-b945-91d94ff76223}</UniqueIdentifier>
    </Filter>
    <Filter Include="头文件">
      <UniqueIdentifier>{93995380-89BD-4b04-88EB-625FBE52EBFB}</UniqueIdentifier>
      <Extensions>h;hpp;hxx;hm;inl;inc;xsd</Extensions>
    </Filter>
    <Filter Include="头文件\include">
      <UniqueIdentifier>{b9a58dbf-4539-408b-8027-6e3e94285a2c}</UniqueIdentifier>
    </Filter>
    <Filter Include="资源文件">
      <UniqueIdentifier>{67DA6AB6-F800-4c08-8B7A-83BB121AAD01}</UniqueIdentifier>
      <Extensions>rc;ico;cur;bmp;dlg;rc2;rct;bin;rgs;gif;jpg;jpeg;jpe;resx;tiff;tif;png;wav</Extensions>
    </Filter>
  </ItemGroup>
  <ItemGroup>
    <ClCompile Include="stdafx.cpp">
      <Filter>源文件</Filter>
    </ClCompile>
    <ClCompile Include="XOFBase.cpp">
      <Filter>源文件</Filter>
    </ClCompile>
    <ClCompile Include="src\Svrbase.cpp">
      <Filter>源文件\src</Filter>
    </ClCompile>
    <ClCompile Include="src\XNavigate.cpp">
      <Filter>源文件\src</Filter>
    </ClCompile>
    <ClCompile Include="src\XOFBaseFrm.cpp">
      <Filter>源文件\src</Filter>
    </ClCompile>
    <ClCompile Include="src\XOFBaseFrmSvr.cpp">
      <Filter>源文件\src</Filter>
    </ClCompile>
    <ClCompile Include="src\XOfficeData.cpp">
      <Filter>源文件\src</Filter>
    </ClCompile>
    <ClCompile Include="src\XOfficeSerializeSvr.cpp">
      <Filter>源文件\src</Filter>
    </ClCompile>
    <ClCompile Include="src\XOfficeSheet.cpp">
      <Filter>源文件\src</Filter>
    </ClCompile>
    <ClCompile Include="src\XOfficeSheetSvr.cpp">
      <Filter>源文件\src</Filter>
    </ClCompile>
    <ClCompile Include="src\XOfficeStyleSvr.cpp">
      <Filter>源文件\src</Filter>
    </ClCompile>
    <ClCompile Include="src\XScrollBar.cpp">
      <Filter>源文件\src</Filter>
    </ClCompile>
    <ClCompile Include="src\XSheetMaint.cpp">
      <Filter>源文件\src</Filter>
    </ClCompile>
    <ClCompile Include="src\XTabSheet.cpp">
      <Filter>源文件\src</Filter>
    </ClCompile>
  </ItemGroup>
  <ItemGroup>
    <None Include="XOFBase.def">
      <Filter>源文件</Filter>
    </None>
    <None Include="ReadMe.txt" />
  </ItemGroup>
  <ItemGroup>
    <ClInclude Include="stdafx.h">
      <Filter>头文件</Filter>
    </ClInclude>
    <ClInclude Include="include\svrbase.hpp">
      <Filter>头文件\include</Filter>
    </ClInclude>
    <ClInclude Include="include\XNavigate.hpp">
      <Filter>头文件\include</Filter>
    </ClInclude>
    <ClInclude Include="include\XOfbase.h">
      <Filter>头文件\include</Filter>
    </ClInclude>
    <ClInclude Include="include\XOFBaseFrm.hpp">
      <Filter>头文件\include</Filter>
    </ClInclude>
    <ClInclude Include="include\XOFBaseFrmSvr.hpp">
      <Filter>头文件\include</Filter>
    </ClInclude>
    <ClInclude Include="include\XOfficeData.hpp">
      <Filter>头文件\include</Filter>
    </ClInclude>
    <ClInclude Include="include\XOfficeSerializeSvr.hpp">
      <Filter>头文件\include</Filter>
    </ClInclude>
    <ClInclude Include="include\XOfficeSheet.hpp">
      <Filter>头文件\include</Filter>
    </ClInclude>
    <ClInclude Include="include\XOfficeSheetSvr.hpp">
      <Filter>头文件\include</Filter>
    </ClInclude>
    <ClInclude Include="include\XOfficeStyleSvr.hpp">
      <Filter>头文件\include</Filter>
    </ClInclude>
    <ClInclude Include="include\XScrollBar.hpp">
      <Filter>头文件\include</Filter>
    </ClInclude>
    <ClInclude Include="include\XSheetMaint.hpp">
      <Filter>头文件\include</Filter>
    </ClInclude>
    <ClInclude Include="include\XTabSheet.hpp">
      <Filter>头文件\include</Filter>
    </ClInclude>
  </ItemGroup>
</Project>