<?xml version="1.0" encoding="utf-8"?>
<Project ToolsVersion="4.0" xmlns="http://schemas.microsoft.com/developer/msbuild/2003">
  <ItemGroup>
    <Filter Include="源文件">
      <UniqueIdentifier>{4FC737F1-C7A5-4376-A066-2A32D752A2FF}</UniqueIdentifier>
      <Extensions>cpp;c;cc;cxx;def;odl;idl;hpj;bat;asm;asmx</Extensions>
    </Filter>
    <Filter Include="源文件\src">
      <UniqueIdentifier>{f84aac1e-2889-4cc4-9192-ff0e99632356}</UniqueIdentifier>
    </Filter>
    <Filter Include="头文件">
      <UniqueIdentifier>{93995380-89BD-4b04-88EB-625FBE52EBFB}</UniqueIdentifier>
      <Extensions>h;hpp;hxx;hm;inl;inc;xsd</Extensions>
    </Filter>
    <Filter Include="头文件\include">
      <UniqueIdentifier>{8148839b-f407-47cd-8e4e-851ca54c7ad9}</UniqueIdentifier>
    </Filter>
    <Filter Include="资源文件">
      <UniqueIdentifier>{67DA6AB6-F800-4c08-8B7A-83BB121AAD01}</UniqueIdentifier>
      <Extensions>rc;ico;cur;bmp;dlg;rc2;rct;bin;rgs;gif;jpg;jpeg;jpe;resx;tiff;tif;png;wav</Extensions>
    </Filter>
  </ItemGroup>
  <ItemGroup>
    <ClCompile Include="stdafx.cpp">
      <Filter>源文件</Filter>
    </ClCompile>
    <ClCompile Include="src\XGridView.cpp">
      <Filter>源文件</Filter>
    </ClCompile>
    <ClCompile Include="XOFObject.cpp">
      <Filter>源文件</Filter>
    </ClCompile>
    <ClCompile Include="src\XAxisSvr.cpp">
      <Filter>源文件\src</Filter>
    </ClCompile>
    <ClCompile Include="src\XCellHeader.cpp">
      <Filter>源文件\src</Filter>
    </ClCompile>
    <ClCompile Include="src\XGridDataSvr.cpp">
      <Filter>源文件\src</Filter>
    </ClCompile>
    <ClCompile Include="src\XGridOption.cpp">
      <Filter>源文件\src</Filter>
    </ClCompile>
    <ClCompile Include="src\XGridSvr.cpp">
      <Filter>源文件\src</Filter>
    </ClCompile>
    <ClCompile Include="src\XRowSelector.cpp">
      <Filter>源文件\src</Filter>
    </ClCompile>
    <ClCompile Include="src\XXmlContentSvr.cpp">
      <Filter>源文件\src</Filter>
    </ClCompile>
  </ItemGroup>
  <ItemGroup>
    <ClInclude Include="resource.h">
      <Filter>头文件</Filter>
    </ClInclude>
    <ClInclude Include="stdafx.h">
      <Filter>头文件</Filter>
    </ClInclude>
    <ClInclude Include="include\XGridView.hpp">
      <Filter>头文件</Filter>
    </ClInclude>
    <ClInclude Include="include\IAxisSvr.hpp">
      <Filter>头文件\include</Filter>
    </ClInclude>
    <ClInclude Include="include\IAxisSvrImpl.hpp">
      <Filter>头文件\include</Filter>
    </ClInclude>
    <ClInclude Include="include\IBoundItem.hpp">
      <Filter>头文件\include</Filter>
    </ClInclude>
    <ClInclude Include="include\IContentSvr.hpp">
      <Filter>头文件\include</Filter>
    </ClInclude>
    <ClInclude Include="include\IContentSvrImpl.hpp">
      <Filter>头文件\include</Filter>
    </ClInclude>
    <ClInclude Include="include\IDwView.hpp">
      <Filter>头文件\include</Filter>
    </ClInclude>
    <ClInclude Include="include\IDwViewObServer.hpp">
      <Filter>头文件\include</Filter>
    </ClInclude>
    <ClInclude Include="include\IGridDataSvr.hpp">
      <Filter>头文件\include</Filter>
    </ClInclude>
    <ClInclude Include="include\IGridSheetSvr.hpp">
      <Filter>头文件\include</Filter>
    </ClInclude>
    <ClInclude Include="include\IHeaderSelector.hpp">
      <Filter>头文件\include</Filter>
    </ClInclude>
    <ClInclude Include="include\IOfficeDataSvr.hpp">
      <Filter>头文件\include</Filter>
    </ClInclude>
    <ClInclude Include="include\IRowSelector.hpp">
      <Filter>头文件\include</Filter>
    </ClInclude>
    <ClInclude Include="include\IScrollbar.hpp">
      <Filter>头文件\include</Filter>
    </ClInclude>
    <ClInclude Include="include\IXmlContentSvr.hpp">
      <Filter>头文件\include</Filter>
    </ClInclude>
    <ClInclude Include="include\IXmlContentSvrImpl.hpp">
      <Filter>头文件\include</Filter>
    </ClInclude>
    <ClInclude Include="include\XAxisSvr.hpp">
      <Filter>头文件\include</Filter>
    </ClInclude>
    <ClInclude Include="include\XCellHeader.hpp">
      <Filter>头文件\include</Filter>
    </ClInclude>
    <ClInclude Include="include\XGridDataSvr.hpp">
      <Filter>头文件\include</Filter>
    </ClInclude>
    <ClInclude Include="include\XGridDef.hpp">
      <Filter>头文件\include</Filter>
    </ClInclude>
    <ClInclude Include="include\XGridOption.hpp">
      <Filter>头文件\include</Filter>
    </ClInclude>
    <ClInclude Include="include\XGridSvr.hpp">
      <Filter>头文件\include</Filter>
    </ClInclude>
    <ClInclude Include="include\XOFObject.h">
      <Filter>头文件\include</Filter>
    </ClInclude>
    <ClInclude Include="include\XRowSelector.hpp">
      <Filter>头文件\include</Filter>
    </ClInclude>
    <ClInclude Include="include\XXmlContentSvr.hpp">
      <Filter>头文件\include</Filter>
    </ClInclude>
  </ItemGroup>
  <ItemGroup>
    <None Include="src\res\ArrowNS.cur">
      <Filter>资源文件</Filter>
    </None>
    <None Include="src\res\ArrowWE.cur">
      <Filter>资源文件</Filter>
    </None>
    <None Include="src\res\Clear.cur">
      <Filter>资源文件</Filter>
    </None>
    <None Include="src\res\filling.cur">
      <Filter>资源文件</Filter>
    </None>
    <None Include="src\res\Pen.cur">
      <Filter>资源文件</Filter>
    </None>
    <None Include="src\res\PENCIL.CUR">
      <Filter>资源文件</Filter>
    </None>
    <None Include="ReadMe.txt" />
  </ItemGroup>
  <ItemGroup>
    <ResourceCompile Include="XOFObject.rc">
      <Filter>资源文件</Filter>
    </ResourceCompile>
  </ItemGroup>
</Project>